// !$*UTF8*$!
{
	archiveVersion = 1;
	classes = {
	};
	objectVersion = 56;
	objects = {

/* Begin PBXBuildFile section */
		CE0D48472A5BF1E100214D4A /* DetailEditView.swift in Sources */ = {isa = PBXBuildFile; fileRef = CE0D48462A5BF1E100214D4A /* DetailEditView.swift */; };
		CE0D48492A5BFD2500214D4A /* ThemeView.swift in Sources */ = {isa = PBXBuildFile; fileRef = CE0D48482A5BFD2500214D4A /* ThemeView.swift */; };
		CE0D484B2A5BFE2200214D4A /* ThemePicker.swift in Sources */ = {isa = PBXBuildFile; fileRef = CE0D484A2A5BFE2200214D4A /* ThemePicker.swift */; };
		CEBA57112A4404DF0066DB1B /* ScrumdingerApp.swift in Sources */ = {isa = PBXBuildFile; fileRef = CEBA57102A4404DF0066DB1B /* ScrumdingerApp.swift */; };
		CEBA57152A4404E10066DB1B /* Assets.xcassets in Resources */ = {isa = PBXBuildFile; fileRef = CEBA57142A4404E10066DB1B /* Assets.xcassets */; };
		CEBA57182A4404E10066DB1B /* Preview Assets.xcassets in Resources */ = {isa = PBXBuildFile; fileRef = CEBA57172A4404E10066DB1B /* Preview Assets.xcassets */; };
		CEBA57222A4404E20066DB1B /* ScrumdingerTests.swift in Sources */ = {isa = PBXBuildFile; fileRef = CEBA57212A4404E20066DB1B /* ScrumdingerTests.swift */; };
		CEBA572C2A4404E20066DB1B /* ScrumdingerUITests.swift in Sources */ = {isa = PBXBuildFile; fileRef = CEBA572B2A4404E20066DB1B /* ScrumdingerUITests.swift */; };
		CEBA572E2A4404E20066DB1B /* ScrumdingerUITestsLaunchTests.swift in Sources */ = {isa = PBXBuildFile; fileRef = CEBA572D2A4404E20066DB1B /* ScrumdingerUITestsLaunchTests.swift */; };
		CEBA573C2A4422280066DB1B /* Theme.swift in Sources */ = {isa = PBXBuildFile; fileRef = CEBA573B2A4422280066DB1B /* Theme.swift */; };
		CEBA573E2A44230E0066DB1B /* DailyScrum.swift in Sources */ = {isa = PBXBuildFile; fileRef = CEBA573D2A44230E0066DB1B /* DailyScrum.swift */; };
		CEBA57422A4427E80066DB1B /* MeetingView.swift in Sources */ = {isa = PBXBuildFile; fileRef = CEBA57412A4427E80066DB1B /* MeetingView.swift */; };
		CEBA57442A442A320066DB1B /* CardView.swift in Sources */ = {isa = PBXBuildFile; fileRef = CEBA57432A442A320066DB1B /* CardView.swift */; };
		CEBA57462A4432340066DB1B /* TrailingIconLabelStyle.swift in Sources */ = {isa = PBXBuildFile; fileRef = CEBA57452A4432340066DB1B /* TrailingIconLabelStyle.swift */; };
		CEBA57482A4434D70066DB1B /* ScrumsView.swift in Sources */ = {isa = PBXBuildFile; fileRef = CEBA57472A4434D70066DB1B /* ScrumsView.swift */; };
		CEBA574A2A4447930066DB1B /* DetailView.swift in Sources */ = {isa = PBXBuildFile; fileRef = CEBA57492A4447930066DB1B /* DetailView.swift */; };
/* End PBXBuildFile section */

/* Begin PBXContainerItemProxy section */
		CEBA571E2A4404E20066DB1B /* PBXContainerItemProxy */ = {
			isa = PBXContainerItemProxy;
			containerPortal = CEBA57052A4404DF0066DB1B /* Project object */;
			proxyType = 1;
			remoteGlobalIDString = CEBA570C2A4404DF0066DB1B;
			remoteInfo = Scrumdinger;
		};
		CEBA57282A4404E20066DB1B /* PBXContainerItemProxy */ = {
			isa = PBXContainerItemProxy;
			containerPortal = CEBA57052A4404DF0066DB1B /* Project object */;
			proxyType = 1;
			remoteGlobalIDString = CEBA570C2A4404DF0066DB1B;
			remoteInfo = Scrumdinger;
		};
/* End PBXContainerItemProxy section */

/* Begin PBXFileReference section */
		CE0D48462A5BF1E100214D4A /* DetailEditView.swift */ = {isa = PBXFileReference; lastKnownFileType = sourcecode.swift; path = DetailEditView.swift; sourceTree = "<group>"; };
		CE0D48482A5BFD2500214D4A /* ThemeView.swift */ = {isa = PBXFileReference; lastKnownFileType = sourcecode.swift; path = ThemeView.swift; sourceTree = "<group>"; };
		CE0D484A2A5BFE2200214D4A /* ThemePicker.swift */ = {isa = PBXFileReference; lastKnownFileType = sourcecode.swift; path = ThemePicker.swift; sourceTree = "<group>"; };
		CEBA570D2A4404DF0066DB1B /* Scrumdinger.app */ = {isa = PBXFileReference; explicitFileType = wrapper.application; includeInIndex = 0; path = Scrumdinger.app; sourceTree = BUILT_PRODUCTS_DIR; };
		CEBA57102A4404DF0066DB1B /* ScrumdingerApp.swift */ = {isa = PBXFileReference; lastKnownFileType = sourcecode.swift; path = ScrumdingerApp.swift; sourceTree = "<group>"; };
		CEBA57142A4404E10066DB1B /* Assets.xcassets */ = {isa = PBXFileReference; lastKnownFileType = folder.assetcatalog; path = Assets.xcassets; sourceTree = "<group>"; };
		CEBA57172A4404E10066DB1B /* Preview Assets.xcassets */ = {isa = PBXFileReference; lastKnownFileType = folder.assetcatalog; path = "Preview Assets.xcassets"; sourceTree = "<group>"; };
		CEBA571D2A4404E20066DB1B /* ScrumdingerTests.xctest */ = {isa = PBXFileReference; explicitFileType = wrapper.cfbundle; includeInIndex = 0; path = ScrumdingerTests.xctest; sourceTree = BUILT_PRODUCTS_DIR; };
		CEBA57212A4404E20066DB1B /* ScrumdingerTests.swift */ = {isa = PBXFileReference; lastKnownFileType = sourcecode.swift; path = ScrumdingerTests.swift; sourceTree = "<group>"; };
		CEBA57272A4404E20066DB1B /* ScrumdingerUITests.xctest */ = {isa = PBXFileReference; explicitFileType = wrapper.cfbundle; includeInIndex = 0; path = ScrumdingerUITests.xctest; sourceTree = BUILT_PRODUCTS_DIR; };
		CEBA572B2A4404E20066DB1B /* ScrumdingerUITests.swift */ = {isa = PBXFileReference; lastKnownFileType = sourcecode.swift; path = ScrumdingerUITests.swift; sourceTree = "<group>"; };
		CEBA572D2A4404E20066DB1B /* ScrumdingerUITestsLaunchTests.swift */ = {isa = PBXFileReference; lastKnownFileType = sourcecode.swift; path = ScrumdingerUITestsLaunchTests.swift; sourceTree = "<group>"; };
		CEBA573B2A4422280066DB1B /* Theme.swift */ = {isa = PBXFileReference; lastKnownFileType = sourcecode.swift; path = Theme.swift; sourceTree = "<group>"; };
		CEBA573D2A44230E0066DB1B /* DailyScrum.swift */ = {isa = PBXFileReference; lastKnownFileType = sourcecode.swift; path = DailyScrum.swift; sourceTree = "<group>"; };
		CEBA57412A4427E80066DB1B /* MeetingView.swift */ = {isa = PBXFileReference; lastKnownFileType = sourcecode.swift; path = MeetingView.swift; sourceTree = "<group>"; };
		CEBA57432A442A320066DB1B /* CardView.swift */ = {isa = PBXFileReference; lastKnownFileType = sourcecode.swift; path = CardView.swift; sourceTree = "<group>"; };
		CEBA57452A4432340066DB1B /* TrailingIconLabelStyle.swift */ = {isa = PBXFileReference; lastKnownFileType = sourcecode.swift; path = TrailingIconLabelStyle.swift; sourceTree = "<group>"; };
		CEBA57472A4434D70066DB1B /* ScrumsView.swift */ = {isa = PBXFileReference; lastKnownFileType = sourcecode.swift; path = ScrumsView.swift; sourceTree = "<group>"; };
		CEBA57492A4447930066DB1B /* DetailView.swift */ = {isa = PBXFileReference; lastKnownFileType = sourcecode.swift; path = DetailView.swift; sourceTree = "<group>"; };
/* End PBXFileReference section */

/* Begin PBXFrameworksBuildPhase section */
		CEBA570A2A4404DF0066DB1B /* Frameworks */ = {
			isa = PBXFrameworksBuildPhase;
			buildActionMask = 2147483647;
			files = (
			);
			runOnlyForDeploymentPostprocessing = 0;
		};
		CEBA571A2A4404E20066DB1B /* Frameworks */ = {
			isa = PBXFrameworksBuildPhase;
			buildActionMask = 2147483647;
			files = (
			);
			runOnlyForDeploymentPostprocessing = 0;
		};
		CEBA57242A4404E20066DB1B /* Frameworks */ = {
			isa = PBXFrameworksBuildPhase;
			buildActionMask = 2147483647;
			files = (
			);
			runOnlyForDeploymentPostprocessing = 0;
		};
/* End PBXFrameworksBuildPhase section */

/* Begin PBXGroup section */
		CEBA57042A4404DF0066DB1B = {
			isa = PBXGroup;
			children = (
				CEBA570F2A4404DF0066DB1B /* Scrumdinger */,
				CEBA57202A4404E20066DB1B /* ScrumdingerTests */,
				CEBA572A2A4404E20066DB1B /* ScrumdingerUITests */,
				CEBA570E2A4404DF0066DB1B /* Products */,
			);
			sourceTree = "<group>";
		};
		CEBA570E2A4404DF0066DB1B /* Products */ = {
			isa = PBXGroup;
			children = (
				CEBA570D2A4404DF0066DB1B /* Scrumdinger.app */,
				CEBA571D2A4404E20066DB1B /* ScrumdingerTests.xctest */,
				CEBA57272A4404E20066DB1B /* ScrumdingerUITests.xctest */,
			);
			name = Products;
			sourceTree = "<group>";
		};
		CEBA570F2A4404DF0066DB1B /* Scrumdinger */ = {
			isa = PBXGroup;
			children = (
				CEBA57412A4427E80066DB1B /* MeetingView.swift */,
				CEBA57102A4404DF0066DB1B /* ScrumdingerApp.swift */,
				CEBA573A2A4422080066DB1B /* Models */,
				CEBA57142A4404E10066DB1B /* Assets.xcassets */,
				CEBA57162A4404E10066DB1B /* Preview Content */,
				CEBA57432A442A320066DB1B /* CardView.swift */,
				CEBA57452A4432340066DB1B /* TrailingIconLabelStyle.swift */,
				CEBA57472A4434D70066DB1B /* ScrumsView.swift */,
				CEBA57492A4447930066DB1B /* DetailView.swift */,
				CE0D48462A5BF1E100214D4A /* DetailEditView.swift */,
				CE0D48482A5BFD2500214D4A /* ThemeView.swift */,
				CE0D484A2A5BFE2200214D4A /* ThemePicker.swift */,
			);
			path = Scrumdinger;
			sourceTree = "<group>";
		};
		CEBA57162A4404E10066DB1B /* Preview Content */ = {
			isa = PBXGroup;
			children = (
				CEBA57172A4404E10066DB1B /* Preview Assets.xcassets */,
			);
			path = "Preview Content";
			sourceTree = "<group>";
		};
		CEBA57202A4404E20066DB1B /* ScrumdingerTests */ = {
			isa = PBXGroup;
			children = (
				CEBA57212A4404E20066DB1B /* ScrumdingerTests.swift */,
			);
			path = ScrumdingerTests;
			sourceTree = "<group>";
		};
		CEBA572A2A4404E20066DB1B /* ScrumdingerUITests */ = {
			isa = PBXGroup;
			children = (
				CEBA572B2A4404E20066DB1B /* ScrumdingerUITests.swift */,
				CEBA572D2A4404E20066DB1B /* ScrumdingerUITestsLaunchTests.swift */,
			);
			path = ScrumdingerUITests;
			sourceTree = "<group>";
		};
		CEBA573A2A4422080066DB1B /* Models */ = {
			isa = PBXGroup;
			children = (
				CEBA573B2A4422280066DB1B /* Theme.swift */,
				CEBA573D2A44230E0066DB1B /* DailyScrum.swift */,
			);
			path = Models;
			sourceTree = "<group>";
		};
/* End PBXGroup section */

/* Begin PBXNativeTarget section */
		CEBA570C2A4404DF0066DB1B /* Scrumdinger */ = {
			isa = PBXNativeTarget;
			buildConfigurationList = CEBA57312A4404E20066DB1B /* Build configuration list for PBXNativeTarget "Scrumdinger" */;
			buildPhases = (
				CEBA57092A4404DF0066DB1B /* Sources */,
				CEBA570A2A4404DF0066DB1B /* Frameworks */,
				CEBA570B2A4404DF0066DB1B /* Resources */,
			);
			buildRules = (
			);
			dependencies = (
			);
			name = Scrumdinger;
			productName = Scrumdinger;
			productReference = CEBA570D2A4404DF0066DB1B /* Scrumdinger.app */;
			productType = "com.apple.product-type.application";
		};
		CEBA571C2A4404E20066DB1B /* ScrumdingerTests */ = {
			isa = PBXNativeTarget;
			buildConfigurationList = CEBA57342A4404E20066DB1B /* Build configuration list for PBXNativeTarget "ScrumdingerTests" */;
			buildPhases = (
				CEBA57192A4404E20066DB1B /* Sources */,
				CEBA571A2A4404E20066DB1B /* Frameworks */,
				CEBA571B2A4404E20066DB1B /* Resources */,
			);
			buildRules = (
			);
			dependencies = (
				CEBA571F2A4404E20066DB1B /* PBXTargetDependency */,
			);
			name = ScrumdingerTests;
			productName = ScrumdingerTests;
			productReference = CEBA571D2A4404E20066DB1B /* ScrumdingerTests.xctest */;
			productType = "com.apple.product-type.bundle.unit-test";
		};
		CEBA57262A4404E20066DB1B /* ScrumdingerUITests */ = {
			isa = PBXNativeTarget;
			buildConfigurationList = CEBA57372A4404E20066DB1B /* Build configuration list for PBXNativeTarget "ScrumdingerUITests" */;
			buildPhases = (
				CEBA57232A4404E20066DB1B /* Sources */,
				CEBA57242A4404E20066DB1B /* Frameworks */,
				CEBA57252A4404E20066DB1B /* Resources */,
			);
			buildRules = (
			);
			dependencies = (
				CEBA57292A4404E20066DB1B /* PBXTargetDependency */,
			);
			name = ScrumdingerUITests;
			productName = ScrumdingerUITests;
			productReference = CEBA57272A4404E20066DB1B /* ScrumdingerUITests.xctest */;
			productType = "com.apple.product-type.bundle.ui-testing";
		};
/* End PBXNativeTarget section */

/* Begin PBXProject section */
		CEBA57052A4404DF0066DB1B /* Project object */ = {
			isa = PBXProject;
			attributes = {
				BuildIndependentTargetsInParallel = 1;
				LastSwiftUpdateCheck = 1430;
				LastUpgradeCheck = 1430;
				TargetAttributes = {
					CEBA570C2A4404DF0066DB1B = {
						CreatedOnToolsVersion = 14.3.1;
					};
					CEBA571C2A4404E20066DB1B = {
						CreatedOnToolsVersion = 14.3.1;
						TestTargetID = CEBA570C2A4404DF0066DB1B;
					};
					CEBA57262A4404E20066DB1B = {
						CreatedOnToolsVersion = 14.3.1;
						TestTargetID = CEBA570C2A4404DF0066DB1B;
					};
				};
			};
			buildConfigurationList = CEBA57082A4404DF0066DB1B /* Build configuration list for PBXProject "Scrumdinger" */;
			compatibilityVersion = "Xcode 14.0";
			developmentRegion = en;
			hasScannedForEncodings = 0;
			knownRegions = (
				en,
				Base,
			);
			mainGroup = CEBA57042A4404DF0066DB1B;
			productRefGroup = CEBA570E2A4404DF0066DB1B /* Products */;
			projectDirPath = "";
			projectRoot = "";
			targets = (
				CEBA570C2A4404DF0066DB1B /* Scrumdinger */,
				CEBA571C2A4404E20066DB1B /* ScrumdingerTests */,
				CEBA57262A4404E20066DB1B /* ScrumdingerUITests */,
			);
		};
/* End PBXProject section */

/* Begin PBXResourcesBuildPhase section */
		CEBA570B2A4404DF0066DB1B /* Resources */ = {
			isa = PBXResourcesBuildPhase;
			buildActionMask = 2147483647;
			files = (
				CEBA57182A4404E10066DB1B /* Preview Assets.xcassets in Resources */,
				CEBA57152A4404E10066DB1B /* Assets.xcassets in Resources */,
			);
			runOnlyForDeploymentPostprocessing = 0;
		};
		CEBA571B2A4404E20066DB1B /* Resources */ = {
			isa = PBXResourcesBuildPhase;
			buildActionMask = 2147483647;
			files = (
			);
			runOnlyForDeploymentPostprocessing = 0;
		};
		CEBA57252A4404E20066DB1B /* Resources */ = {
			isa = PBXResourcesBuildPhase;
			buildActionMask = 2147483647;
			files = (
			);
			runOnlyForDeploymentPostprocessing = 0;
		};
/* End PBXResourcesBuildPhase section */

/* Begin PBXSourcesBuildPhase section */
		CEBA57092A4404DF0066DB1B /* Sources */ = {
			isa = PBXSourcesBuildPhase;
			buildActionMask = 2147483647;
			files = (
				CE0D484B2A5BFE2200214D4A /* ThemePicker.swift in Sources */,
				CEBA573E2A44230E0066DB1B /* DailyScrum.swift in Sources */,
				CEBA574A2A4447930066DB1B /* DetailView.swift in Sources */,
				CE0D48472A5BF1E100214D4A /* DetailEditView.swift in Sources */,
				CEBA57462A4432340066DB1B /* TrailingIconLabelStyle.swift in Sources */,
				CEBA573C2A4422280066DB1B /* Theme.swift in Sources */,
				CEBA57482A4434D70066DB1B /* ScrumsView.swift in Sources */,
				CEBA57422A4427E80066DB1B /* MeetingView.swift in Sources */,
				CEBA57112A4404DF0066DB1B /* ScrumdingerApp.swift in Sources */,
				CE0D48492A5BFD2500214D4A /* ThemeView.swift in Sources */,
				CEBA57442A442A320066DB1B /* CardView.swift in Sources */,
			);
			runOnlyForDeploymentPostprocessing = 0;
		};
		CEBA57192A4404E20066DB1B /* Sources */ = {
			isa = PBXSourcesBuildPhase;
			buildActionMask = 2147483647;
			files = (
				CEBA57222A4404E20066DB1B /* ScrumdingerTests.swift in Sources */,
			);
			runOnlyForDeploymentPostprocessing = 0;
		};
		CEBA57232A4404E20066DB1B /* Sources */ = {
			isa = PBXSourcesBuildPhase;
			buildActionMask = 2147483647;
			files = (
				CEBA572E2A4404E20066DB1B /* ScrumdingerUITestsLaunchTests.swift in Sources */,
				CEBA572C2A4404E20066DB1B /* ScrumdingerUITests.swift in Sources */,
			);
			runOnlyForDeploymentPostprocessing = 0;
		};
/* End PBXSourcesBuildPhase section */

/* Begin PBXTargetDependency section */
		CEBA571F2A4404E20066DB1B /* PBXTargetDependency */ = {
			isa = PBXTargetDependency;
			target = CEBA570C2A4404DF0066DB1B /* Scrumdinger */;
			targetProxy = CEBA571E2A4404E20066DB1B /* PBXContainerItemProxy */;
		};
		CEBA57292A4404E20066DB1B /* PBXTargetDependency */ = {
			isa = PBXTargetDependency;
			target = CEBA570C2A4404DF0066DB1B /* Scrumdinger */;
			targetProxy = CEBA57282A4404E20066DB1B /* PBXContainerItemProxy */;
		};
/* End PBXTargetDependency section */

/* Begin XCBuildConfiguration section */
		CEBA572F2A4404E20066DB1B /* Debug */ = {
			isa = XCBuildConfiguration;
			buildSettings = {
				ALWAYS_SEARCH_USER_PATHS = NO;
				CLANG_ANALYZER_NONNULL = YES;
				CLANG_ANALYZER_NUMBER_OBJECT_CONVERSION = YES_AGGRESSIVE;
				CLANG_CXX_LANGUAGE_STANDARD = "gnu++20";
				CLANG_ENABLE_MODULES = YES;
				CLANG_ENABLE_OBJC_ARC = YES;
				CLANG_ENABLE_OBJC_WEAK = YES;
				CLANG_WARN_BLOCK_CAPTURE_AUTORELEASING = YES;
				CLANG_WARN_BOOL_CONVERSION = YES;
				CLANG_WARN_COMMA = YES;
				CLANG_WARN_CONSTANT_CONVERSION = YES;
				CLANG_WARN_DEPRECATED_OBJC_IMPLEMENTATIONS = YES;
				CLANG_WARN_DIRECT_OBJC_ISA_USAGE = YES_ERROR;
				CLANG_WARN_DOCUMENTATION_COMMENTS = YES;
				CLANG_WARN_EMPTY_BODY = YES;
				CLANG_WARN_ENUM_CONVERSION = YES;
				CLANG_WARN_INFINITE_RECURSION = YES;
				CLANG_WARN_INT_CONVERSION = YES;
				CLANG_WARN_NON_LITERAL_NULL_CONVERSION = YES;
				CLANG_WARN_OBJC_IMPLICIT_RETAIN_SELF = YES;
				CLANG_WARN_OBJC_LITERAL_CONVERSION = YES;
				CLANG_WARN_OBJC_ROOT_CLASS = YES_ERROR;
				CLANG_WARN_QUOTED_INCLUDE_IN_FRAMEWORK_HEADER = YES;
				CLANG_WARN_RANGE_LOOP_ANALYSIS = YES;
				CLANG_WARN_STRICT_PROTOTYPES = YES;
				CLANG_WARN_SUSPICIOUS_MOVE = YES;
				CLANG_WARN_UNGUARDED_AVAILABILITY = YES_AGGRESSIVE;
				CLANG_WARN_UNREACHABLE_CODE = YES;
				CLANG_WARN__DUPLICATE_METHOD_MATCH = YES;
				COPY_PHASE_STRIP = NO;
				DEBUG_INFORMATION_FORMAT = dwarf;
				ENABLE_STRICT_OBJC_MSGSEND = YES;
				ENABLE_TESTABILITY = YES;
				GCC_C_LANGUAGE_STANDARD = gnu11;
				GCC_DYNAMIC_NO_PIC = NO;
				GCC_NO_COMMON_BLOCKS = YES;
				GCC_OPTIMIZATION_LEVEL = 0;
				GCC_PREPROCESSOR_DEFINITIONS = (
					"DEBUG=1",
					"$(inherited)",
				);
				GCC_WARN_64_TO_32_BIT_CONVERSION = YES;
				GCC_WARN_ABOUT_RETURN_TYPE = YES_ERROR;
				GCC_WARN_UNDECLARED_SELECTOR = YES;
				GCC_WARN_UNINITIALIZED_AUTOS = YES_AGGRESSIVE;
				GCC_WARN_UNUSED_FUNCTION = YES;
				GCC_WARN_UNUSED_VARIABLE = YES;
				IPHONEOS_DEPLOYMENT_TARGET = 16.4;
				MTL_ENABLE_DEBUG_INFO = INCLUDE_SOURCE;
				MTL_FAST_MATH = YES;
				ONLY_ACTIVE_ARCH = YES;
				SDKROOT = iphoneos;
				SWIFT_ACTIVE_COMPILATION_CONDITIONS = DEBUG;
				SWIFT_OPTIMIZATION_LEVEL = "-Onone";
			};
			name = Debug;
		};
		CEBA57302A4404E20066DB1B /* Release */ = {
			isa = XCBuildConfiguration;
			buildSettings = {
				ALWAYS_SEARCH_USER_PATHS = NO;
				CLANG_ANALYZER_NONNULL = YES;
				CLANG_ANALYZER_NUMBER_OBJECT_CONVERSION = YES_AGGRESSIVE;
				CLANG_CXX_LANGUAGE_STANDARD = "gnu++20";
				CLANG_ENABLE_MODULES = YES;
				CLANG_ENABLE_OBJC_ARC = YES;
				CLANG_ENABLE_OBJC_WEAK = YES;
				CLANG_WARN_BLOCK_CAPTURE_AUTORELEASING = YES;
				CLANG_WARN_BOOL_CONVERSION = YES;
				CLANG_WARN_COMMA = YES;
				CLANG_WARN_CONSTANT_CONVERSION = YES;
				CLANG_WARN_DEPRECATED_OBJC_IMPLEMENTATIONS = YES;
				CLANG_WARN_DIRECT_OBJC_ISA_USAGE = YES_ERROR;
				CLANG_WARN_DOCUMENTATION_COMMENTS = YES;
				CLANG_WARN_EMPTY_BODY = YES;
				CLANG_WARN_ENUM_CONVERSION = YES;
				CLANG_WARN_INFINITE_RECURSION = YES;
				CLANG_WARN_INT_CONVERSION = YES;
				CLANG_WARN_NON_LITERAL_NULL_CONVERSION = YES;
				CLANG_WARN_OBJC_IMPLICIT_RETAIN_SELF = YES;
				CLANG_WARN_OBJC_LITERAL_CONVERSION = YES;
				CLANG_WARN_OBJC_ROOT_CLASS = YES_ERROR;
				CLANG_WARN_QUOTED_INCLUDE_IN_FRAMEWORK_HEADER = YES;
				CLANG_WARN_RANGE_LOOP_ANALYSIS = YES;
				CLANG_WARN_STRICT_PROTOTYPES = YES;
				CLANG_WARN_SUSPICIOUS_MOVE = YES;
				CLANG_WARN_UNGUARDED_AVAILABILITY = YES_AGGRESSIVE;
				CLANG_WARN_UNREACHABLE_CODE = YES;
				CLANG_WARN__DUPLICATE_METHOD_MATCH = YES;
				COPY_PHASE_STRIP = NO;
				DEBUG_INFORMATION_FORMAT = "dwarf-with-dsym";
				ENABLE_NS_ASSERTIONS = NO;
				ENABLE_STRICT_OBJC_MSGSEND = YES;
				GCC_C_LANGUAGE_STANDARD = gnu11;
				GCC_NO_COMMON_BLOCKS = YES;
				GCC_WARN_64_TO_32_BIT_CONVERSION = YES;
				GCC_WARN_ABOUT_RETURN_TYPE = YES_ERROR;
				GCC_WARN_UNDECLARED_SELECTOR = YES;
				GCC_WARN_UNINITIALIZED_AUTOS = YES_AGGRESSIVE;
				GCC_WARN_UNUSED_FUNCTION = YES;
				GCC_WARN_UNUSED_VARIABLE = YES;
				IPHONEOS_DEPLOYMENT_TARGET = 16.4;
				MTL_ENABLE_DEBUG_INFO = NO;
				MTL_FAST_MATH = YES;
				SDKROOT = iphoneos;
				SWIFT_COMPILATION_MODE = wholemodule;
				SWIFT_OPTIMIZATION_LEVEL = "-O";
				VALIDATE_PRODUCT = YES;
			};
			name = Release;
		};
		CEBA57322A4404E20066DB1B /* Debug */ = {
			isa = XCBuildConfiguration;
			buildSettings = {
				ASSETCATALOG_COMPILER_APPICON_NAME = AppIcon;
				ASSETCATALOG_COMPILER_GLOBAL_ACCENT_COLOR_NAME = AccentColor;
				CODE_SIGN_STYLE = Automatic;
				CURRENT_PROJECT_VERSION = 1;
				DEVELOPMENT_ASSET_PATHS = "\"Scrumdinger/Preview Content\"";
				DEVELOPMENT_TEAM = 9528W3ASAT;
				ENABLE_PREVIEWS = YES;
				GENERATE_INFOPLIST_FILE = YES;
				INFOPLIST_KEY_UIApplicationSceneManifest_Generation = YES;
				INFOPLIST_KEY_UIApplicationSupportsIndirectInputEvents = YES;
				INFOPLIST_KEY_UILaunchScreen_Generation = YES;
				INFOPLIST_KEY_UISupportedInterfaceOrientations_iPad = "UIInterfaceOrientationPortrait UIInterfaceOrientationPortraitUpsideDown UIInterfaceOrientationLandscapeLeft UIInterfaceOrientationLandscapeRight";
				INFOPLIST_KEY_UISupportedInterfaceOrientations_iPhone = "UIInterfaceOrientationPortrait UIInterfaceOrientationLandscapeLeft UIInterfaceOrientationLandscapeRight";
				LD_RUNPATH_SEARCH_PATHS = (
					"$(inherited)",
					"@executable_path/Frameworks",
				);
				MARKETING_VERSION = 1.0;
				PRODUCT_BUNDLE_IDENTIFIER = phutl.Scrumdinger;
				PRODUCT_NAME = "$(TARGET_NAME)";
				SWIFT_EMIT_LOC_STRINGS = YES;
				SWIFT_VERSION = 5.0;
				TARGETED_DEVICE_FAMILY = "1,2";
			};
			name = Debug;
		};
		CEBA57332A4404E20066DB1B /* Release */ = {
			isa = XCBuildConfiguration;
			buildSettings = {
				ASSETCATALOG_COMPILER_APPICON_NAME = AppIcon;
				ASSETCATALOG_COMPILER_GLOBAL_ACCENT_COLOR_NAME = AccentColor;
				CODE_SIGN_STYLE = Automatic;
				CURRENT_PROJECT_VERSION = 1;
				DEVELOPMENT_ASSET_PATHS = "\"Scrumdinger/Preview Content\"";
				DEVELOPMENT_TEAM = 9528W3ASAT;
				ENABLE_PREVIEWS = YES;
				GENERATE_INFOPLIST_FILE = YES;
				INFOPLIST_KEY_UIApplicationSceneManifest_Generation = YES;
				INFOPLIST_KEY_UIApplicationSupportsIndirectInputEvents = YES;
				INFOPLIST_KEY_UILaunchScreen_Generation = YES;
				INFOPLIST_KEY_UISupportedInterfaceOrientations_iPad = "UIInterfaceOrientationPortrait UIInterfaceOrientationPortraitUpsideDown UIInterfaceOrientationLandscapeLeft UIInterfaceOrientationLandscapeRight";
				INFOPLIST_KEY_UISupportedInterfaceOrientations_iPhone = "UIInterfaceOrientationPortrait UIInterfaceOrientationLandscapeLeft UIInterfaceOrientationLandscapeRight";
				LD_RUNPATH_SEARCH_PATHS = (
					"$(inherited)",
					"@executable_path/Frameworks",
				);
				MARKETING_VERSION = 1.0;
				PRODUCT_BUNDLE_IDENTIFIER = phutl.Scrumdinger;
				PRODUCT_NAME = "$(TARGET_NAME)";
				SWIFT_EMIT_LOC_STRINGS = YES;
				SWIFT_VERSION = 5.0;
				TARGETED_DEVICE_FAMILY = "1,2";
			};
			name = Release;
		};
		CEBA57352A4404E20066DB1B /* Debug */ = {
			isa = XCBuildConfiguration;
			buildSettings = {
				ALWAYS_EMBED_SWIFT_STANDARD_LIBRARIES = YES;
				BUNDLE_LOADER = "$(TEST_HOST)";
				CODE_SIGN_STYLE = Automatic;
				CURRENT_PROJECT_VERSION = 1;
				DEVELOPMENT_TEAM = 9528W3ASAT;
				GENERATE_INFOPLIST_FILE = YES;
				IPHONEOS_DEPLOYMENT_TARGET = 16.4;
				MARKETING_VERSION = 1.0;
				PRODUCT_BUNDLE_IDENTIFIER = phutl.ScrumdingerTests;
				PRODUCT_NAME = "$(TARGET_NAME)";
				SWIFT_EMIT_LOC_STRINGS = NO;
				SWIFT_VERSION = 5.0;
				TARGETED_DEVICE_FAMILY = "1,2";
				TEST_HOST = "$(BUILT_PRODUCTS_DIR)/Scrumdinger.app/$(BUNDLE_EXECUTABLE_FOLDER_PATH)/Scrumdinger";
			};
			name = Debug;
		};
		CEBA57362A4404E20066DB1B /* Release */ = {
			isa = XCBuildConfiguration;
			buildSettings = {
				ALWAYS_EMBED_SWIFT_STANDARD_LIBRARIES = YES;
				BUNDLE_LOADER = "$(TEST_HOST)";
				CODE_SIGN_STYLE = Automatic;
				CURRENT_PROJECT_VERSION = 1;
				DEVELOPMENT_TEAM = 9528W3ASAT;
				GENERATE_INFOPLIST_FILE = YES;
				IPHONEOS_DEPLOYMENT_TARGET = 16.4;
				MARKETING_VERSION = 1.0;
				PRODUCT_BUNDLE_IDENTIFIER = phutl.ScrumdingerTests;
				PRODUCT_NAME = "$(TARGET_NAME)";
				SWIFT_EMIT_LOC_STRINGS = NO;
				SWIFT_VERSION = 5.0;
				TARGETED_DEVICE_FAMILY = "1,2";
				TEST_HOST = "$(BUILT_PRODUCTS_DIR)/Scrumdinger.app/$(BUNDLE_EXECUTABLE_FOLDER_PATH)/Scrumdinger";
			};
			name = Release;
		};
		CEBA57382A4404E20066DB1B /* Debug */ = {
			isa = XCBuildConfiguration;
			buildSettings = {
				ALWAYS_EMBED_SWIFT_STANDARD_LIBRARIES = YES;
				CODE_SIGN_STYLE = Automatic;
				CURRENT_PROJECT_VERSION = 1;
				DEVELOPMENT_TEAM = 9528W3ASAT;
				GENERATE_INFOPLIST_FILE = YES;
				MARKETING_VERSION = 1.0;
				PRODUCT_BUNDLE_IDENTIFIER = phutl.ScrumdingerUITests;
				PRODUCT_NAME = "$(TARGET_NAME)";
				SWIFT_EMIT_LOC_STRINGS = NO;
				SWIFT_VERSION = 5.0;
				TARGETED_DEVICE_FAMILY = "1,2";
				TEST_TARGET_NAME = Scrumdinger;
			};
			name = Debug;
		};
		CEBA57392A4404E20066DB1B /* Release */ = {
			isa = XCBuildConfiguration;
			buildSettings = {
				ALWAYS_EMBED_SWIFT_STANDARD_LIBRARIES = YES;
				CODE_SIGN_STYLE = Automatic;
				CURRENT_PROJECT_VERSION = 1;
				DEVELOPMENT_TEAM = 9528W3ASAT;
				GENERATE_INFOPLIST_FILE = YES;
				MARKETING_VERSION = 1.0;
				PRODUCT_BUNDLE_IDENTIFIER = phutl.ScrumdingerUITests;
				PRODUCT_NAME = "$(TARGET_NAME)";
				SWIFT_EMIT_LOC_STRINGS = NO;
				SWIFT_VERSION = 5.0;
				TARGETED_DEVICE_FAMILY = "1,2";
				TEST_TARGET_NAME = Scrumdinger;
			};
			name = Release;
		};
/* End XCBuildConfiguration section */

/* Begin XCConfigurationList section */
		CEBA57082A4404DF0066DB1B /* Build configuration list for PBXProject "Scrumdinger" */ = {
			isa = XCConfigurationList;
			buildConfigurations = (
				CEBA572F2A4404E20066DB1B /* Debug */,
				CEBA57302A4404E20066DB1B /* Release */,
			);
			defaultConfigurationIsVisible = 0;
			defaultConfigurationName = Release;
		};
		CEBA57312A4404E20066DB1B /* Build configuration list for PBXNativeTarget "Scrumdinger" */ = {
			isa = XCConfigurationList;
			buildConfigurations = (
				CEBA57322A4404E20066DB1B /* Debug */,
				CEBA57332A4404E20066DB1B /* Release */,
			);
			defaultConfigurationIsVisible = 0;
			defaultConfigurationName = Release;
		};
		CEBA57342A4404E20066DB1B /* Build configuration list for PBXNativeTarget "ScrumdingerTests" */ = {
			isa = XCConfigurationList;
			buildConfigurations = (
				CEBA57352A4404E20066DB1B /* Debug */,
				CEBA57362A4404E20066DB1B /* Release */,
			);
			defaultConfigurationIsVisible = 0;
			defaultConfigurationName = Release;
		};
		CEBA57372A4404E20066DB1B /* Build configuration list for PBXNativeTarget "ScrumdingerUITests" */ = {
			isa = XCConfigurationList;
			buildConfigurations = (
				CEBA57382A4404E20066DB1B /* Debug */,
				CEBA57392A4404E20066DB1B /* Release */,
			);
			defaultConfigurationIsVisible = 0;
			defaultConfigurationName = Release;
		};
/* End XCConfigurationList section */
	};
	rootObject = CEBA57052A4404DF0066DB1B /* Project object */;
}
